
Microsoft Visual Studio Solution File, Format Version 12.00
# Visual Studio Version 17
VisualStudioVersion = 17.0.31903.59
MinimumVisualStudioVersion = 10.0.40219.1
Project("{9A19103F-16F7-4668-BE54-9A1E7A4F7556}") = "KristofferStrube.Blazor.MediaCaptureStreams", "src\KristofferStrube.Blazor.MediaCaptureStreams\KristofferStrube.Blazor.MediaCaptureStreams.csproj", "{68BE1AD7-4A3A-4267-AFB1-96EA56163C65}"
EndProject
Project("{9A19103F-16F7-4668-BE54-9A1E7A4F7556}") = "KristofferStrube.Blazor.MediaCaptureStreams.WasmExample", "samples\KristofferStrube.Blazor.MediaCaptureStreams.WasmExample\KristofferStrube.Blazor.MediaCaptureStreams.WasmExample.csproj", "{78DF92DF-FAA4-44A5-8357-D931F0E56AAF}"
EndProject
Global
	GlobalSection(SolutionConfigurationPlatforms) = preSolution
		Debug|Any CPU = Debug|Any CPU
		Release|Any CPU = Release|Any CPU
	EndGlobalSection
	GlobalSection(ProjectConfigurationPlatforms) = postSolution
		{68BE1AD7-4A3A-4267-AFB1-96EA56163C65}.Debug|Any CPU.ActiveCfg = Debug|Any CPU
		{68BE1AD7-4A3A-4267-AFB1-96EA56163C65}.Debug|Any CPU.Build.0 = Debug|Any CPU
		{68BE1AD7-4A3A-4267-AFB1-96EA56163C65}.Release|Any CPU.ActiveCfg = Release|Any CPU
		{68BE1AD7-4A3A-4267-AFB1-96EA56163C65}.Release|Any CPU.Build.0 = Release|Any CPU
		{78DF92DF-FAA4-44A5-8357-D931F0E56AAF}.Debug|Any CPU.ActiveCfg = Debug|Any CPU
		{78DF92DF-FAA4-44A5-8357-D931F0E56AAF}.Debug|Any CPU.Build.0 = Debug|Any CPU
		{78DF92DF-FAA4-44A5-8357-D931F0E56AAF}.Release|Any CPU.ActiveCfg = Release|Any CPU
		{78DF92DF-FAA4-44A5-8357-D931F0E56AAF}.Release|Any CPU.Build.0 = Release|Any CPU
	EndGlobalSection
	GlobalSection(SolutionProperties) = preSolution
		HideSolutionNode = FALSE
	EndGlobalSection
	GlobalSection(ExtensibilityGlobals) = postSolution
		SolutionGuid = {ED852F74-EBA5-48B9-AEB3-EC4C1AC847F7}
	EndGlobalSection
EndGlobal
